{
  "name": "tmptypingexplodes",
  "version": "1.0.0",
  "lockfileVersion": 1,
  "requires": true,
  "dependencies": {
    "typescript": {
      "version": "2.6.0-dev.20170926",
      "resolved": "https://registry.npmjs.org/typescript/-/typescript-2.6.0-dev.20170926.tgz",
      "integrity": "sha512-Hb8TZnA2fH75G8l7Al8gbv6KR/jXnvXXQbrq3k7gAHHAGo8wsLrPSTYqBdInfm9LmZKS+qi+Ix0vfTHxmpidow=="
    }
  }
}
